
Microsoft Visual Studio Solution File, Format Version 12.00
# Visual Studio Version 17
VisualStudioVersion = 17.11.35327.3
MinimumVisualStudioVersion = 10.0.40219.1
Project("{FAE04EC0-301F-11D3-BF4B-00C04F79EFBC}") = "OptimizerTestTool", "Tools\OptimizerTestTool\OptimizerTestTool.csproj", "{2783E27D-3EA8-4E1B-B2A3-0F6007842435}"
EndProject
Project("{FAE04EC0-301F-11D3-BF4B-00C04F79EFBC}") = "SpeedOptimizer", "SPO\SpeedOptimizer\SpeedOptimizer.csproj", "{C271359A-3C4C-4FAA-9410-BAACA3FE0BCF}"
EndProject
Project("{FAE04EC0-301F-11D3-BF4B-00C04F79EFBC}") = "SpeedOptimizer.Models", "SPO\SpeedOptimizer.Models\SpeedOptimizer.Models.csproj", "{9C2014F7-5DB2-477A-8151-F05CCF804DA1}"
EndProject
Project("{FAE04EC0-301F-11D3-BF4B-00C04F79EFBC}") = "SferaHandlers", "Shared\SferaHandlers\SferaHandlers.csproj", "{9CCDB425-37DD-4C9C-A186-14EC07436604}"
EndProject
Project("{2150E333-8FDC-42A3-9474-1A3956D46DE8}") = "Solution Items", "Solution Items", "{DA797E57-592A-4CCF-8177-E32888F9A9FD}"
	ProjectSection(SolutionItems) = preProject
		.editorconfig = .editorconfig
	EndProjectSection
EndProject
Project("{FAE04EC0-301F-11D3-BF4B-00C04F79EFBC}") = "TrainCharacteristicsManager", "TCM\TrainCharacteristicsManager\TrainCharacteristicsManager.csproj", "{3E6EEB29-F6FB-4344-AE8B-18E676DF9E93}"
EndProject
Project("{2150E333-8FDC-42A3-9474-1A3956D46DE8}") = "Testing", "Testing", "{0A347AA3-5579-46C0-B9F4-083B286FFFE0}"
EndProject
Project("{FAE04EC0-301F-11D3-BF4B-00C04F79EFBC}") = "SpeedOptimizer.Tests", "Testing\SpeedOptimizer.Tests\SpeedOptimizer.Tests.csproj", "{D9847B17-26C4-4D69-9EC7-F0660495FCE8}"
EndProject
Project("{FAE04EC0-301F-11D3-BF4B-00C04F79EFBC}") = "TrainCharacteristicsService", "TCM\TrainCharacteristicsService\TrainCharacteristicsService.csproj", "{2E8F3238-C149-4371-809F-B708BC46D70D}"
EndProject
Project("{2150E333-8FDC-42A3-9474-1A3956D46DE8}") = "TCM", "TCM", "{C96D7BE7-F692-46A0-BD19-C2A6F42A9C13}"
EndProject
Project("{FAE04EC0-301F-11D3-BF4B-00C04F79EFBC}") = "TrainCharacteristics.Models", "TCM\TrainCharacteristics.Models\TrainCharacteristics.Models.csproj", "{8314AB47-EA87-400B-BBF6-C5C845CE7C65}"
EndProject
Project("{2150E333-8FDC-42A3-9474-1A3956D46DE8}") = "SPO", "SPO", "{88F218D9-A6B5-477F-8DF4-E266DBB139A1}"
EndProject
Global
	GlobalSection(SolutionConfigurationPlatforms) = preSolution
		Debug|Any CPU = Debug|Any CPU
		Release|Any CPU = Release|Any CPU
	EndGlobalSection
	GlobalSection(ProjectConfigurationPlatforms) = postSolution
		{2783E27D-3EA8-4E1B-B2A3-0F6007842435}.Debug|Any CPU.ActiveCfg = Debug|Any CPU
		{2783E27D-3EA8-4E1B-B2A3-0F6007842435}.Debug|Any CPU.Build.0 = Debug|Any CPU
		{2783E27D-3EA8-4E1B-B2A3-0F6007842435}.Debug|Any CPU.Deploy.0 = Debug|Any CPU
		{2783E27D-3EA8-4E1B-B2A3-0F6007842435}.Release|Any CPU.ActiveCfg = Release|Any CPU
		{2783E27D-3EA8-4E1B-B2A3-0F6007842435}.Release|Any CPU.Build.0 = Release|Any CPU
		{2783E27D-3EA8-4E1B-B2A3-0F6007842435}.Release|Any CPU.Deploy.0 = Release|Any CPU
		{C271359A-3C4C-4FAA-9410-BAACA3FE0BCF}.Debug|Any CPU.ActiveCfg = Debug|Any CPU
		{C271359A-3C4C-4FAA-9410-BAACA3FE0BCF}.Debug|Any CPU.Build.0 = Debug|Any CPU
		{C271359A-3C4C-4FAA-9410-BAACA3FE0BCF}.Release|Any CPU.ActiveCfg = Release|Any CPU
		{C271359A-3C4C-4FAA-9410-BAACA3FE0BCF}.Release|Any CPU.Build.0 = Release|Any CPU
		{9C2014F7-5DB2-477A-8151-F05CCF804DA1}.Debug|Any CPU.ActiveCfg = Debug|Any CPU
		{9C2014F7-5DB2-477A-8151-F05CCF804DA1}.Debug|Any CPU.Build.0 = Debug|Any CPU
		{9C2014F7-5DB2-477A-8151-F05CCF804DA1}.Release|Any CPU.ActiveCfg = Release|Any CPU
		{9C2014F7-5DB2-477A-8151-F05CCF804DA1}.Release|Any CPU.Build.0 = Release|Any CPU
		{9CCDB425-37DD-4C9C-A186-14EC07436604}.Debug|Any CPU.ActiveCfg = Debug|Any CPU
		{9CCDB425-37DD-4C9C-A186-14EC07436604}.Debug|Any CPU.Build.0 = Debug|Any CPU
		{9CCDB425-37DD-4C9C-A186-14EC07436604}.Release|Any CPU.ActiveCfg = Release|Any CPU
		{9CCDB425-37DD-4C9C-A186-14EC07436604}.Release|Any CPU.Build.0 = Release|Any CPU
		{3E6EEB29-F6FB-4344-AE8B-18E676DF9E93}.Debug|Any CPU.ActiveCfg = Debug|Any CPU
		{3E6EEB29-F6FB-4344-AE8B-18E676DF9E93}.Debug|Any CPU.Build.0 = Debug|Any CPU
		{3E6EEB29-F6FB-4344-AE8B-18E676DF9E93}.Release|Any CPU.ActiveCfg = Release|Any CPU
		{3E6EEB29-F6FB-4344-AE8B-18E676DF9E93}.Release|Any CPU.Build.0 = Release|Any CPU
		{D9847B17-26C4-4D69-9EC7-F0660495FCE8}.Debug|Any CPU.ActiveCfg = Debug|Any CPU
		{D9847B17-26C4-4D69-9EC7-F0660495FCE8}.Debug|Any CPU.Build.0 = Debug|Any CPU
		{D9847B17-26C4-4D69-9EC7-F0660495FCE8}.Release|Any CPU.ActiveCfg = Release|Any CPU
		{D9847B17-26C4-4D69-9EC7-F0660495FCE8}.Release|Any CPU.Build.0 = Release|Any CPU
		{2E8F3238-C149-4371-809F-B708BC46D70D}.Debug|Any CPU.ActiveCfg = Debug|Any CPU
		{2E8F3238-C149-4371-809F-B708BC46D70D}.Debug|Any CPU.Build.0 = Debug|Any CPU
		{2E8F3238-C149-4371-809F-B708BC46D70D}.Release|Any CPU.ActiveCfg = Release|Any CPU
		{2E8F3238-C149-4371-809F-B708BC46D70D}.Release|Any CPU.Build.0 = Release|Any CPU
		{8314AB47-EA87-400B-BBF6-C5C845CE7C65}.Debug|Any CPU.ActiveCfg = Debug|Any CPU
		{8314AB47-EA87-400B-BBF6-C5C845CE7C65}.Debug|Any CPU.Build.0 = Debug|Any CPU
		{8314AB47-EA87-400B-BBF6-C5C845CE7C65}.Release|Any CPU.ActiveCfg = Release|Any CPU
		{8314AB47-EA87-400B-BBF6-C5C845CE7C65}.Release|Any CPU.Build.0 = Release|Any CPU
	EndGlobalSection
	GlobalSection(SolutionProperties) = preSolution
		HideSolutionNode = FALSE
	EndGlobalSection
	GlobalSection(NestedProjects) = preSolution
		{C271359A-3C4C-4FAA-9410-BAACA3FE0BCF} = {88F218D9-A6B5-477F-8DF4-E266DBB139A1}
		{9C2014F7-5DB2-477A-8151-F05CCF804DA1} = {88F218D9-A6B5-477F-8DF4-E266DBB139A1}
		{3E6EEB29-F6FB-4344-AE8B-18E676DF9E93} = {C96D7BE7-F692-46A0-BD19-C2A6F42A9C13}
		{D9847B17-26C4-4D69-9EC7-F0660495FCE8} = {0A347AA3-5579-46C0-B9F4-083B286FFFE0}
		{2E8F3238-C149-4371-809F-B708BC46D70D} = {C96D7BE7-F692-46A0-BD19-C2A6F42A9C13}
		{8314AB47-EA87-400B-BBF6-C5C845CE7C65} = {C96D7BE7-F692-46A0-BD19-C2A6F42A9C13}
	EndGlobalSection
	GlobalSection(ExtensibilityGlobals) = postSolution
		SolutionGuid = {E39B596F-B26D-4C17-9080-E961512C9FA6}
	EndGlobalSection
EndGlobal
