
Microsoft Visual Studio Solution File, Format Version 12.00
# Visual Studio Version 17
VisualStudioVersion = 17.11.35327.3
MinimumVisualStudioVersion = 10.0.40219.1
Project("{FAE04EC0-301F-11D3-BF4B-00C04F79EFBC}") = "OptimizerTestTool", "Tools\OptimizerTestTool\OptimizerTestTool.csproj", "{2783E27D-3EA8-4E1B-B2A3-0F6007842435}"
EndProject
Project("{FAE04EC0-301F-11D3-BF4B-00C04F79EFBC}") = "SpeedOptimizer", "SPO\SpeedOptimizer\SpeedOptimizer.csproj", "{C271359A-3C4C-4FAA-9410-BAACA3FE0BCF}"
EndProject
Project("{FAE04EC0-301F-11D3-BF4B-00C04F79EFBC}") = "SpeedOptimizer.Models", "SPO\SpeedOptimizer.Models\SpeedOptimizer.Models.csproj", "{9C2014F7-5DB2-477A-8151-F05CCF804DA1}"
EndProject
Project("{FAE04EC0-301F-11D3-BF4B-00C04F79EFBC}") = "SferaHandlers", "Shared\SferaHandlers\SferaHandlers.csproj", "{9CCDB425-37DD-4C9C-A186-14EC07436604}"
EndProject
Project("{2150E333-8FDC-42A3-9474-1A3956D46DE8}") = "Solution Items", "Solution Items", "{DA797E57-592A-4CCF-8177-E32888F9A9FD}"
	ProjectSection(SolutionItems) = preProject
		.editorconfig = .editorconfig
	EndProjectSection
EndProject
Project("{FAE04EC0-301F-11D3-BF4B-00C04F79EFBC}") = "TrainCharacteristicsManager", "TCM\TrainCharacteristicsManager\TrainCharacteristicsManager.csproj", "{3E6EEB29-F6FB-4344-AE8B-18E676DF9E93}"
EndProject
Project("{2150E333-8FDC-42A3-9474-1A3956D46DE8}") = "Testing", "Testing", "{0A347AA3-5579-46C0-B9F4-083B286FFFE0}"
EndProject
Project("{FAE04EC0-301F-11D3-BF4B-00C04F79EFBC}") = "SpeedOptimizer.Tests", "Testing\SpeedOptimizer.Tests\SpeedOptimizer.Tests.csproj", "{D9847B17-26C4-4D69-9EC7-F0660495FCE8}"
EndProject
Project("{FAE04EC0-301F-11D3-BF4B-00C04F79EFBC}") = "TrainCharacteristicsService", "TCM\TrainCharacteristicsService\TrainCharacteristicsService.csproj", "{2E8F3238-C149-4371-809F-B708BC46D70D}"
EndProject
Project("{2150E333-8FDC-42A3-9474-1A3956D46DE8}") = "TCM", "TCM", "{C96D7BE7-F692-46A0-BD19-C2A6F42A9C13}"
EndProject
Project("{2150E333-8FDC-42A3-9474-1A3956D46DE8}") = "SPO", "SPO", "{88F218D9-A6B5-477F-8DF4-E266DBB139A1}"
EndProject
Project("{2150E333-8FDC-42A3-9474-1A3956D46DE8}") = "Resources", "Resources", "{EE6CFD22-19C6-4243-B47F-84995C4D75AA}"
EndProject
Project("{2150E333-8FDC-42A3-9474-1A3956D46DE8}") = "SFERA Samples 2_01", "SFERA Samples 2_01", "{5784657F-0ACE-41A5-AFCF-24A374960BAB}"
	ProjectSection(SolutionItems) = preProject
		C:\Users\m.sabbaghian\Downloads\OneDrive_2024-11-29\Test data\NS\jp_9321_2024-6-6.xml = C:\Users\m.sabbaghian\Downloads\OneDrive_2024-11-29\Test data\NS\jp_9321_2024-6-6.xml
		C:\Users\m.sabbaghian\Downloads\OneDrive_2024-11-29\Test data\NS\jp_9334_2024-6-6.xml = C:\Users\m.sabbaghian\Downloads\OneDrive_2024-11-29\Test data\NS\jp_9334_2024-6-6.xml
		C:\Users\m.sabbaghian\Downloads\OneDrive_2024-11-29\Test data\Infrabel examples\Sfera2\sfera+19651.xml = C:\Users\m.sabbaghian\Downloads\OneDrive_2024-11-29\Test data\Infrabel examples\Sfera2\sfera+19651.xml
		C:\Users\m.sabbaghian\Downloads\OneDrive_2024-11-29\Test data\Infrabel examples\Sfera2\sfera+19659.xml = C:\Users\m.sabbaghian\Downloads\OneDrive_2024-11-29\Test data\Infrabel examples\Sfera2\sfera+19659.xml
		C:\Users\m.sabbaghian\Downloads\OneDrive_2024-11-29\Test data\Infrabel examples\Sfera2\sfera+19668.xml = C:\Users\m.sabbaghian\Downloads\OneDrive_2024-11-29\Test data\Infrabel examples\Sfera2\sfera+19668.xml
		C:\Users\m.sabbaghian\Downloads\OneDrive_2024-11-29\Test data\Infrabel examples\Sfera2\sfera+19672.xml = C:\Users\m.sabbaghian\Downloads\OneDrive_2024-11-29\Test data\Infrabel examples\Sfera2\sfera+19672.xml
		C:\Users\m.sabbaghian\Downloads\OneDrive_2024-11-29\Test data\Infrabel examples\Sfera2\sfera+19674-0310.xml = C:\Users\m.sabbaghian\Downloads\OneDrive_2024-11-29\Test data\Infrabel examples\Sfera2\sfera+19674-0310.xml
		C:\Users\m.sabbaghian\Downloads\OneDrive_2024-11-29\Test data\Infrabel examples\Sfera2\sfera+19674-0317.xml = C:\Users\m.sabbaghian\Downloads\OneDrive_2024-11-29\Test data\Infrabel examples\Sfera2\sfera+19674-0317.xml
		..\..\..\OneDrive - Cubris ApS\Dokumenter\SFERA\irs90940_appendices_ed2_xsdv2.01\Appendix F\SFERA_B2G_RequestMessage_handshake.xml = ..\..\..\OneDrive - Cubris ApS\Dokumenter\SFERA\irs90940_appendices_ed2_xsdv2.01\Appendix F\SFERA_B2G_RequestMessage_handshake.xml
		..\..\..\OneDrive - Cubris ApS\Dokumenter\SFERA\irs90940_appendices_ed2_xsdv2.01\Appendix F\SFERA_B2G_Request_JP_request.xml = ..\..\..\OneDrive - Cubris ApS\Dokumenter\SFERA\irs90940_appendices_ed2_xsdv2.01\Appendix F\SFERA_B2G_Request_JP_request.xml
		..\..\..\OneDrive - Cubris ApS\Dokumenter\SFERA\irs90940_appendices_ed2_xsdv2.01\Appendix F\SFERA_B2G_Request_SP_request.xml = ..\..\..\OneDrive - Cubris ApS\Dokumenter\SFERA\irs90940_appendices_ed2_xsdv2.01\Appendix F\SFERA_B2G_Request_SP_request.xml
		..\..\..\OneDrive - Cubris ApS\Dokumenter\SFERA\irs90940_appendices_ed2_xsdv2.01\Appendix F\SFERA_B2G_Request_TC_request.xml = ..\..\..\OneDrive - Cubris ApS\Dokumenter\SFERA\irs90940_appendices_ed2_xsdv2.01\Appendix F\SFERA_B2G_Request_TC_request.xml
		..\..\..\OneDrive - Cubris ApS\Dokumenter\SFERA\irs90940_appendices_ed2_xsdv2.01\Appendix F\SFERA_B2G_StatusReport-MultipleCI_Message.xml = ..\..\..\OneDrive - Cubris ApS\Dokumenter\SFERA\irs90940_appendices_ed2_xsdv2.01\Appendix F\SFERA_B2G_StatusReport-MultipleCI_Message.xml
		..\..\..\OneDrive - Cubris ApS\Dokumenter\SFERA\irs90940_appendices_ed2_xsdv2.01\Appendix F\SFERA_B2G_StatusReport-SingleCI.xml = ..\..\..\OneDrive - Cubris ApS\Dokumenter\SFERA\irs90940_appendices_ed2_xsdv2.01\Appendix F\SFERA_B2G_StatusReport-SingleCI.xml
		..\..\..\OneDrive - Cubris ApS\Dokumenter\SFERA\irs90940_appendices_ed2_xsdv2.01\Appendix F\SFERA_B2G_StatusReport_JP_inUse.xml = ..\..\..\OneDrive - Cubris ApS\Dokumenter\SFERA\irs90940_appendices_ed2_xsdv2.01\Appendix F\SFERA_B2G_StatusReport_JP_inUse.xml
		..\..\..\OneDrive - Cubris ApS\Dokumenter\SFERA\irs90940_appendices_ed2_xsdv2.01\Appendix F\SFERA_G2B_EventMessage_CDASC_coastingAdvice.xml = ..\..\..\OneDrive - Cubris ApS\Dokumenter\SFERA\irs90940_appendices_ed2_xsdv2.01\Appendix F\SFERA_G2B_EventMessage_CDASC_coastingAdvice.xml
		..\..\..\OneDrive - Cubris ApS\Dokumenter\SFERA\irs90940_appendices_ed2_xsdv2.01\Appendix F\SFERA_G2B_EventMessage_CDASC_constantSpeedAdvice.xml = ..\..\..\OneDrive - Cubris ApS\Dokumenter\SFERA\irs90940_appendices_ed2_xsdv2.01\Appendix F\SFERA_G2B_EventMessage_CDASC_constantSpeedAdvice.xml
		..\..\..\OneDrive - Cubris ApS\Dokumenter\SFERA\irs90940_appendices_ed2_xsdv2.01\Appendix F\SFERA_G2B_EventMessage_JP_update.xml = ..\..\..\OneDrive - Cubris ApS\Dokumenter\SFERA\irs90940_appendices_ed2_xsdv2.01\Appendix F\SFERA_G2B_EventMessage_JP_update.xml
		..\..\..\OneDrive - Cubris ApS\Dokumenter\SFERA\irs90940_appendices_ed2_xsdv2.01\Appendix F\SFERA_G2B_EventMessage_RelatedTrainInformation.xml = ..\..\..\OneDrive - Cubris ApS\Dokumenter\SFERA\irs90940_appendices_ed2_xsdv2.01\Appendix F\SFERA_G2B_EventMessage_RelatedTrainInformation.xml
		..\..\..\OneDrive - Cubris ApS\Dokumenter\SFERA\irs90940_appendices_ed2_xsdv2.01\Appendix F\SFERA_G2B_ReplyMessage_handshake.xml = ..\..\..\OneDrive - Cubris ApS\Dokumenter\SFERA\irs90940_appendices_ed2_xsdv2.01\Appendix F\SFERA_G2B_ReplyMessage_handshake.xml
		..\..\..\OneDrive - Cubris ApS\Dokumenter\SFERA\irs90940_appendices_ed2_xsdv2.01\Appendix F\SFERA_G2B_Reply_JP_request.xml = ..\..\..\OneDrive - Cubris ApS\Dokumenter\SFERA\irs90940_appendices_ed2_xsdv2.01\Appendix F\SFERA_G2B_Reply_JP_request.xml
		..\..\..\OneDrive - Cubris ApS\Dokumenter\SFERA\irs90940_appendices_ed2_xsdv2.01\Appendix F\SFERA_G2B_Reply_JP_request_9232.xml = ..\..\..\OneDrive - Cubris ApS\Dokumenter\SFERA\irs90940_appendices_ed2_xsdv2.01\Appendix F\SFERA_G2B_Reply_JP_request_9232.xml
		..\..\..\OneDrive - Cubris ApS\Dokumenter\SFERA\irs90940_appendices_ed2_xsdv2.01\Appendix F\SFERA_G2B_Reply_JP_request_9310.xml = ..\..\..\OneDrive - Cubris ApS\Dokumenter\SFERA\irs90940_appendices_ed2_xsdv2.01\Appendix F\SFERA_G2B_Reply_JP_request_9310.xml
		..\..\..\OneDrive - Cubris ApS\Dokumenter\SFERA\irs90940_appendices_ed2_xsdv2.01\Appendix F\SFERA_G2B_Reply_JP_request_9315.xml = ..\..\..\OneDrive - Cubris ApS\Dokumenter\SFERA\irs90940_appendices_ed2_xsdv2.01\Appendix F\SFERA_G2B_Reply_JP_request_9315.xml
		..\..\..\OneDrive - Cubris ApS\Dokumenter\SFERA\irs90940_appendices_ed2_xsdv2.01\Appendix F\SFERA_G2B_Reply_SP_request.xml = ..\..\..\OneDrive - Cubris ApS\Dokumenter\SFERA\irs90940_appendices_ed2_xsdv2.01\Appendix F\SFERA_G2B_Reply_SP_request.xml
		..\..\..\OneDrive - Cubris ApS\Dokumenter\SFERA\irs90940_appendices_ed2_xsdv2.01\Appendix F\SFERA_G2B_Reply_TC_request.xml = ..\..\..\OneDrive - Cubris ApS\Dokumenter\SFERA\irs90940_appendices_ed2_xsdv2.01\Appendix F\SFERA_G2B_Reply_TC_request.xml
		C:\Users\m.sabbaghian\Downloads\OneDrive_2024-11-29\Test data\NS\sp_9321_2024-6-6.xml = C:\Users\m.sabbaghian\Downloads\OneDrive_2024-11-29\Test data\NS\sp_9321_2024-6-6.xml
		C:\Users\m.sabbaghian\Downloads\OneDrive_2024-11-29\Test data\NS\sp_9334_2024-6-6.xml = C:\Users\m.sabbaghian\Downloads\OneDrive_2024-11-29\Test data\NS\sp_9334_2024-6-6.xml
	EndProjectSection
EndProject
Project("{2150E333-8FDC-42A3-9474-1A3956D46DE8}") = "Trains", "Trains", "{5CE59D70-76B1-4B10-9F4A-D43A64F26BF5}"
	ProjectSection(SolutionItems) = preProject
		..\..\..\Git\Core.Algorithm\src\TrainCharacteristics\Algorithm.TrainCharacteristics.Resources\TrainCharacteristics\158xxx.xml = ..\..\..\Git\Core.Algorithm\src\TrainCharacteristics\Algorithm.TrainCharacteristics.Resources\TrainCharacteristics\158xxx.xml
		..\..\..\Git\Core.Algorithm\src\TrainCharacteristics\Algorithm.TrainCharacteristics.Resources\TrainCharacteristics\159xxx.xml = ..\..\..\Git\Core.Algorithm\src\TrainCharacteristics\Algorithm.TrainCharacteristics.Resources\TrainCharacteristics\159xxx.xml
		..\..\..\Git\Core.Algorithm\src\TrainCharacteristics\Algorithm.TrainCharacteristics.Resources\TrainCharacteristics\2000.xml = ..\..\..\Git\Core.Algorithm\src\TrainCharacteristics\Algorithm.TrainCharacteristics.Resources\TrainCharacteristics\2000.xml
		..\..\..\Git\Core.Algorithm\src\TrainCharacteristics\Algorithm.TrainCharacteristics.Resources\TrainCharacteristics\2200.xml = ..\..\..\Git\Core.Algorithm\src\TrainCharacteristics\Algorithm.TrainCharacteristics.Resources\TrainCharacteristics\2200.xml
		..\..\..\Git\Core.Algorithm\src\TrainCharacteristics\Algorithm.TrainCharacteristics.Resources\TrainCharacteristics\2300.xml = ..\..\..\Git\Core.Algorithm\src\TrainCharacteristics\Algorithm.TrainCharacteristics.Resources\TrainCharacteristics\2300.xml
		..\..\..\Git\Core.Algorithm\src\TrainCharacteristics\Algorithm.TrainCharacteristics.Resources\TrainCharacteristics\2400.xml = ..\..\..\Git\Core.Algorithm\src\TrainCharacteristics\Algorithm.TrainCharacteristics.Resources\TrainCharacteristics\2400.xml
		..\..\..\Git\Core.Algorithm\src\TrainCharacteristics\Algorithm.TrainCharacteristics.Resources\TrainCharacteristics\2450.xml = ..\..\..\Git\Core.Algorithm\src\TrainCharacteristics\Algorithm.TrainCharacteristics.Resources\TrainCharacteristics\2450.xml
		..\..\..\Git\Core.Algorithm\src\TrainCharacteristics\Algorithm.TrainCharacteristics.Resources\TrainCharacteristics\3000.xml = ..\..\..\Git\Core.Algorithm\src\TrainCharacteristics\Algorithm.TrainCharacteristics.Resources\TrainCharacteristics\3000.xml
		..\..\..\Git\Core.Algorithm\src\TrainCharacteristics\Algorithm.TrainCharacteristics.Resources\TrainCharacteristics\4000.xml = ..\..\..\Git\Core.Algorithm\src\TrainCharacteristics\Algorithm.TrainCharacteristics.Resources\TrainCharacteristics\4000.xml
		..\..\..\Git\Core.Algorithm\src\TrainCharacteristics\Algorithm.TrainCharacteristics.Resources\TrainCharacteristics\442xxx.xml = ..\..\..\Git\Core.Algorithm\src\TrainCharacteristics\Algorithm.TrainCharacteristics.Resources\TrainCharacteristics\442xxx.xml
		..\..\..\Git\Core.Algorithm\src\TrainCharacteristics\Algorithm.TrainCharacteristics.Resources\TrainCharacteristics\444xxx.xml = ..\..\..\Git\Core.Algorithm\src\TrainCharacteristics\Algorithm.TrainCharacteristics.Resources\TrainCharacteristics\444xxx.xml
		..\..\..\Git\Core.Algorithm\src\TrainCharacteristics\Algorithm.TrainCharacteristics.Resources\TrainCharacteristics\450xxx.xml = ..\..\..\Git\Core.Algorithm\src\TrainCharacteristics\Algorithm.TrainCharacteristics.Resources\TrainCharacteristics\450xxx.xml
		..\..\..\Git\Core.Algorithm\src\TrainCharacteristics\Algorithm.TrainCharacteristics.Resources\TrainCharacteristics\458xxx.xml = ..\..\..\Git\Core.Algorithm\src\TrainCharacteristics\Algorithm.TrainCharacteristics.Resources\TrainCharacteristics\458xxx.xml
		..\..\..\Git\Core.Algorithm\src\TrainCharacteristics\Algorithm.TrainCharacteristics.Resources\TrainCharacteristics\7010.xml = ..\..\..\Git\Core.Algorithm\src\TrainCharacteristics\Algorithm.TrainCharacteristics.Resources\TrainCharacteristics\7010.xml
		..\..\..\Git\Core.Algorithm\src\TrainCharacteristics\Algorithm.TrainCharacteristics.Resources\TrainCharacteristics\7015.xml = ..\..\..\Git\Core.Algorithm\src\TrainCharacteristics\Algorithm.TrainCharacteristics.Resources\TrainCharacteristics\7015.xml
		..\..\..\Git\Core.Algorithm\src\TrainCharacteristics\Algorithm.TrainCharacteristics.Resources\TrainCharacteristics\AM08.xml = ..\..\..\Git\Core.Algorithm\src\TrainCharacteristics\Algorithm.TrainCharacteristics.Resources\TrainCharacteristics\AM08.xml
		..\..\..\Git\Core.Algorithm\src\TrainCharacteristics\Algorithm.TrainCharacteristics.Resources\TrainCharacteristics\ClosedCarLong.xml = ..\..\..\Git\Core.Algorithm\src\TrainCharacteristics\Algorithm.TrainCharacteristics.Resources\TrainCharacteristics\ClosedCarLong.xml
		..\..\..\Git\Core.Algorithm\src\TrainCharacteristics\Algorithm.TrainCharacteristics.Resources\TrainCharacteristics\ClosedCarShort1.xml = ..\..\..\Git\Core.Algorithm\src\TrainCharacteristics\Algorithm.TrainCharacteristics.Resources\TrainCharacteristics\ClosedCarShort1.xml
		..\..\..\Git\Core.Algorithm\src\TrainCharacteristics\Algorithm.TrainCharacteristics.Resources\TrainCharacteristics\ClosedCarShort2.xml = ..\..\..\Git\Core.Algorithm\src\TrainCharacteristics\Algorithm.TrainCharacteristics.Resources\TrainCharacteristics\ClosedCarShort2.xml
		..\..\..\Git\Core.Algorithm\src\TrainCharacteristics\Algorithm.TrainCharacteristics.Resources\TrainCharacteristics\ClosedHopper1.xml = ..\..\..\Git\Core.Algorithm\src\TrainCharacteristics\Algorithm.TrainCharacteristics.Resources\TrainCharacteristics\ClosedHopper1.xml
		..\..\..\Git\Core.Algorithm\src\TrainCharacteristics\Algorithm.TrainCharacteristics.Resources\TrainCharacteristics\ClosedHopper2.xml = ..\..\..\Git\Core.Algorithm\src\TrainCharacteristics\Algorithm.TrainCharacteristics.Resources\TrainCharacteristics\ClosedHopper2.xml
		..\..\..\Git\Core.Algorithm\src\TrainCharacteristics\Algorithm.TrainCharacteristics.Resources\TrainCharacteristics\ContainerWagonLong.xml = ..\..\..\Git\Core.Algorithm\src\TrainCharacteristics\Algorithm.TrainCharacteristics.Resources\TrainCharacteristics\ContainerWagonLong.xml
		..\..\..\Git\Core.Algorithm\src\TrainCharacteristics\Algorithm.TrainCharacteristics.Resources\TrainCharacteristics\ContainerWagonShort.xml = ..\..\..\Git\Core.Algorithm\src\TrainCharacteristics\Algorithm.TrainCharacteristics.Resources\TrainCharacteristics\ContainerWagonShort.xml
		..\..\..\Git\Core.Algorithm\src\TrainCharacteristics\Algorithm.TrainCharacteristics.Resources\TrainCharacteristics\CoradiaContinental3.xml = ..\..\..\Git\Core.Algorithm\src\TrainCharacteristics\Algorithm.TrainCharacteristics.Resources\TrainCharacteristics\CoradiaContinental3.xml
		..\..\..\Git\Core.Algorithm\src\TrainCharacteristics\Algorithm.TrainCharacteristics.Resources\TrainCharacteristics\CoradiaContinental5.xml = ..\..\..\Git\Core.Algorithm\src\TrainCharacteristics\Algorithm.TrainCharacteristics.Resources\TrainCharacteristics\CoradiaContinental5.xml
		..\..\..\Git\Core.Algorithm\src\TrainCharacteristics\Algorithm.TrainCharacteristics.Resources\TrainCharacteristics\CoradiaStreamClass77-5Car.xml = ..\..\..\Git\Core.Algorithm\src\TrainCharacteristics\Algorithm.TrainCharacteristics.Resources\TrainCharacteristics\CoradiaStreamClass77-5Car.xml
		..\..\..\Git\Core.Algorithm\src\TrainCharacteristics\Algorithm.TrainCharacteristics.Resources\TrainCharacteristics\CoradiaStreamHC4Car.xml = ..\..\..\Git\Core.Algorithm\src\TrainCharacteristics\Algorithm.TrainCharacteristics.Resources\TrainCharacteristics\CoradiaStreamHC4Car.xml
		..\..\..\Git\Core.Algorithm\src\TrainCharacteristics\Algorithm.TrainCharacteristics.Resources\TrainCharacteristics\CoradiaStreamHC5Car.xml = ..\..\..\Git\Core.Algorithm\src\TrainCharacteristics\Algorithm.TrainCharacteristics.Resources\TrainCharacteristics\CoradiaStreamHC5Car.xml
		..\..\..\Git\Core.Algorithm\src\TrainCharacteristics\Algorithm.TrainCharacteristics.Resources\TrainCharacteristics\CoradiaStreamHC5CarWithoutPowerMaps.xml = ..\..\..\Git\Core.Algorithm\src\TrainCharacteristics\Algorithm.TrainCharacteristics.Resources\TrainCharacteristics\CoradiaStreamHC5CarWithoutPowerMaps.xml
		..\..\..\Git\Core.Algorithm\src\TrainCharacteristics\Algorithm.TrainCharacteristics.Resources\TrainCharacteristics\DM12.xml = ..\..\..\Git\Core.Algorithm\src\TrainCharacteristics\Algorithm.TrainCharacteristics.Resources\TrainCharacteristics\DM12.xml
		..\..\..\Git\Core.Algorithm\src\TrainCharacteristics\Algorithm.TrainCharacteristics.Resources\TrainCharacteristics\DoubleDeckIC.xml = ..\..\..\Git\Core.Algorithm\src\TrainCharacteristics\Algorithm.TrainCharacteristics.Resources\TrainCharacteristics\DoubleDeckIC.xml
		..\..\..\Git\Core.Algorithm\src\TrainCharacteristics\Algorithm.TrainCharacteristics.Resources\TrainCharacteristics\DoubleDeckIC_CFL.xml = ..\..\..\Git\Core.Algorithm\src\TrainCharacteristics\Algorithm.TrainCharacteristics.Resources\TrainCharacteristics\DoubleDeckIC_CFL.xml
		..\..\..\Git\Core.Algorithm\src\TrainCharacteristics\Algorithm.TrainCharacteristics.Resources\TrainCharacteristics\DR16.xml = ..\..\..\Git\Core.Algorithm\src\TrainCharacteristics\Algorithm.TrainCharacteristics.Resources\TrainCharacteristics\DR16.xml
		..\..\..\Git\Core.Algorithm\src\TrainCharacteristics\Algorithm.TrainCharacteristics.Resources\TrainCharacteristics\DV12.xml = ..\..\..\Git\Core.Algorithm\src\TrainCharacteristics\Algorithm.TrainCharacteristics.Resources\TrainCharacteristics\DV12.xml
		..\..\..\Git\Core.Algorithm\src\TrainCharacteristics\Algorithm.TrainCharacteristics.Resources\TrainCharacteristics\IronOre.xml = ..\..\..\Git\Core.Algorithm\src\TrainCharacteristics\Algorithm.TrainCharacteristics.Resources\TrainCharacteristics\IronOre.xml
		..\..\..\Git\Core.Algorithm\src\TrainCharacteristics\Algorithm.TrainCharacteristics.Resources\TrainCharacteristics\Lint41.xml = ..\..\..\Git\Core.Algorithm\src\TrainCharacteristics\Algorithm.TrainCharacteristics.Resources\TrainCharacteristics\Lint41.xml
		..\..\..\Git\Core.Algorithm\src\TrainCharacteristics\Algorithm.TrainCharacteristics.Resources\TrainCharacteristics\OpenFlatRailCarrier.xml = ..\..\..\Git\Core.Algorithm\src\TrainCharacteristics\Algorithm.TrainCharacteristics.Resources\TrainCharacteristics\OpenFlatRailCarrier.xml
		..\..\..\Git\Core.Algorithm\src\TrainCharacteristics\Algorithm.TrainCharacteristics.Resources\TrainCharacteristics\OpenFlatWagon1.xml = ..\..\..\Git\Core.Algorithm\src\TrainCharacteristics\Algorithm.TrainCharacteristics.Resources\TrainCharacteristics\OpenFlatWagon1.xml
		..\..\..\Git\Core.Algorithm\src\TrainCharacteristics\Algorithm.TrainCharacteristics.Resources\TrainCharacteristics\OpenFlatWagon2.xml = ..\..\..\Git\Core.Algorithm\src\TrainCharacteristics\Algorithm.TrainCharacteristics.Resources\TrainCharacteristics\OpenFlatWagon2.xml
		..\..\..\Git\Core.Algorithm\src\TrainCharacteristics\Algorithm.TrainCharacteristics.Resources\TrainCharacteristics\OpenHopper.xml = ..\..\..\Git\Core.Algorithm\src\TrainCharacteristics\Algorithm.TrainCharacteristics.Resources\TrainCharacteristics\OpenHopper.xml
		..\..\..\Git\Core.Algorithm\src\TrainCharacteristics\Algorithm.TrainCharacteristics.Resources\TrainCharacteristics\OpenScrapWagon.xml = ..\..\..\Git\Core.Algorithm\src\TrainCharacteristics\Algorithm.TrainCharacteristics.Resources\TrainCharacteristics\OpenScrapWagon.xml
		C:\Users\m.sabbaghian\Downloads\OneDrive_2024-11-29\Test data\Infrabel examples\Sfera2\sfera+19651.xml = C:\Users\m.sabbaghian\Downloads\OneDrive_2024-11-29\Test data\Infrabel examples\Sfera2\sfera+19651.xml
		C:\Users\m.sabbaghian\Downloads\OneDrive_2024-11-29\Test data\Infrabel examples\Sfera2\sfera+19659.xml = C:\Users\m.sabbaghian\Downloads\OneDrive_2024-11-29\Test data\Infrabel examples\Sfera2\sfera+19659.xml
		C:\Users\m.sabbaghian\Downloads\OneDrive_2024-11-29\Test data\Infrabel examples\Sfera2\sfera+19668.xml = C:\Users\m.sabbaghian\Downloads\OneDrive_2024-11-29\Test data\Infrabel examples\Sfera2\sfera+19668.xml
		C:\Users\m.sabbaghian\Downloads\OneDrive_2024-11-29\Test data\Infrabel examples\Sfera2\sfera+19672.xml = C:\Users\m.sabbaghian\Downloads\OneDrive_2024-11-29\Test data\Infrabel examples\Sfera2\sfera+19672.xml
		C:\Users\m.sabbaghian\Downloads\OneDrive_2024-11-29\Test data\Infrabel examples\Sfera2\sfera+19674-0310.xml = C:\Users\m.sabbaghian\Downloads\OneDrive_2024-11-29\Test data\Infrabel examples\Sfera2\sfera+19674-0310.xml
		C:\Users\m.sabbaghian\Downloads\OneDrive_2024-11-29\Test data\Infrabel examples\Sfera2\sfera+19674-0317.xml = C:\Users\m.sabbaghian\Downloads\OneDrive_2024-11-29\Test data\Infrabel examples\Sfera2\sfera+19674-0317.xml
		..\..\..\Git\Core.Algorithm\src\TrainCharacteristics\Algorithm.TrainCharacteristics.Resources\TrainCharacteristics\SingleDeckIC.xml = ..\..\..\Git\Core.Algorithm\src\TrainCharacteristics\Algorithm.TrainCharacteristics.Resources\TrainCharacteristics\SingleDeckIC.xml
		..\..\..\Git\Core.Algorithm\src\TrainCharacteristics\Algorithm.TrainCharacteristics.Resources\TrainCharacteristics\SM2.xml = ..\..\..\Git\Core.Algorithm\src\TrainCharacteristics\Algorithm.TrainCharacteristics.Resources\TrainCharacteristics\SM2.xml
		..\..\..\Git\Core.Algorithm\src\TrainCharacteristics\Algorithm.TrainCharacteristics.Resources\TrainCharacteristics\SM3.xml = ..\..\..\Git\Core.Algorithm\src\TrainCharacteristics\Algorithm.TrainCharacteristics.Resources\TrainCharacteristics\SM3.xml
		..\..\..\Git\Core.Algorithm\src\TrainCharacteristics\Algorithm.TrainCharacteristics.Resources\TrainCharacteristics\SM4.xml = ..\..\..\Git\Core.Algorithm\src\TrainCharacteristics\Algorithm.TrainCharacteristics.Resources\TrainCharacteristics\SM4.xml
		..\..\..\Git\Core.Algorithm\src\TrainCharacteristics\Algorithm.TrainCharacteristics.Resources\TrainCharacteristics\SM5.xml = ..\..\..\Git\Core.Algorithm\src\TrainCharacteristics\Algorithm.TrainCharacteristics.Resources\TrainCharacteristics\SM5.xml
		..\..\..\Git\Core.Algorithm\src\TrainCharacteristics\Algorithm.TrainCharacteristics.Resources\TrainCharacteristics\SM6.xml = ..\..\..\Git\Core.Algorithm\src\TrainCharacteristics\Algorithm.TrainCharacteristics.Resources\TrainCharacteristics\SM6.xml
		..\..\..\Git\Core.Algorithm\src\TrainCharacteristics\Algorithm.TrainCharacteristics.Resources\TrainCharacteristics\SR1.xml = ..\..\..\Git\Core.Algorithm\src\TrainCharacteristics\Algorithm.TrainCharacteristics.Resources\TrainCharacteristics\SR1.xml
		..\..\..\Git\Core.Algorithm\src\TrainCharacteristics\Algorithm.TrainCharacteristics.Resources\TrainCharacteristics\SR2.xml = ..\..\..\Git\Core.Algorithm\src\TrainCharacteristics\Algorithm.TrainCharacteristics.Resources\TrainCharacteristics\SR2.xml
		..\..\..\Git\Core.Algorithm\src\TrainCharacteristics\Algorithm.TrainCharacteristics.Resources\TrainCharacteristics\SR3.xml = ..\..\..\Git\Core.Algorithm\src\TrainCharacteristics\Algorithm.TrainCharacteristics.Resources\TrainCharacteristics\SR3.xml
		..\..\..\Git\Core.Algorithm\src\TrainCharacteristics\Algorithm.TrainCharacteristics.Resources\TrainCharacteristics\SteelCoil.xml = ..\..\..\Git\Core.Algorithm\src\TrainCharacteristics\Algorithm.TrainCharacteristics.Resources\TrainCharacteristics\SteelCoil.xml
		..\..\..\Git\Core.Algorithm\src\TrainCharacteristics\Algorithm.TrainCharacteristics.Resources\TrainCharacteristics\TalentClassic.xml = ..\..\..\Git\Core.Algorithm\src\TrainCharacteristics\Algorithm.TrainCharacteristics.Resources\TrainCharacteristics\TalentClassic.xml
		..\..\..\Git\Core.Algorithm\src\TrainCharacteristics\Algorithm.TrainCharacteristics.Resources\TrainCharacteristics\TankerGeneral.xml = ..\..\..\Git\Core.Algorithm\src\TrainCharacteristics\Algorithm.TrainCharacteristics.Resources\TrainCharacteristics\TankerGeneral.xml
		..\..\..\Git\Core.Algorithm\src\TrainCharacteristics\Algorithm.TrainCharacteristics.Resources\TrainCharacteristics\Timber1.xml = ..\..\..\Git\Core.Algorithm\src\TrainCharacteristics\Algorithm.TrainCharacteristics.Resources\TrainCharacteristics\Timber1.xml
		..\..\..\Git\Core.Algorithm\src\TrainCharacteristics\Algorithm.TrainCharacteristics.Resources\TrainCharacteristics\Timber2.xml = ..\..\..\Git\Core.Algorithm\src\TrainCharacteristics\Algorithm.TrainCharacteristics.Resources\TrainCharacteristics\Timber2.xml
		..\..\..\Git\Core.Algorithm\src\TrainCharacteristics\Algorithm.TrainCharacteristics.Resources\TrainCharacteristics\VehicleWagonLong.xml = ..\..\..\Git\Core.Algorithm\src\TrainCharacteristics\Algorithm.TrainCharacteristics.Resources\TrainCharacteristics\VehicleWagonLong.xml
		..\..\..\Git\Core.Algorithm\src\TrainCharacteristics\Algorithm.TrainCharacteristics.Resources\TrainCharacteristics\WoodChips.xml = ..\..\..\Git\Core.Algorithm\src\TrainCharacteristics\Algorithm.TrainCharacteristics.Resources\TrainCharacteristics\WoodChips.xml
	EndProjectSection
EndProject
Project("{FAE04EC0-301F-11D3-BF4B-00C04F79EFBC}") = "Shared.Models", "Shared.Models\Shared.Models.csproj", "{45A930CD-CB35-4D34-AEA3-BEF47B7D2003}"
EndProject
Project("{FAE04EC0-301F-11D3-BF4B-00C04F79EFBC}") = "TrainCharacteristicsManager.Models", "TCM\TrainCharacteristics.Models\TrainCharacteristicsManager.Models.csproj", "{64DAEE9C-872B-4260-9799-D10F3B54D049}"
EndProject
Project("{2150E333-8FDC-42A3-9474-1A3956D46DE8}") = "SFERA", "SFERA", "{13B9E0AC-B8DD-4CB1-8393-E046FA292488}"
EndProject
Project("{FAE04EC0-301F-11D3-BF4B-00C04F79EFBC}") = "Sfera.Models", "Sfera.Models\Sfera.Models.csproj", "{F7AB8019-3AFD-4926-B454-92C8F10720D1}"
EndProject
Global
	GlobalSection(SolutionConfigurationPlatforms) = preSolution
		Debug|Any CPU = Debug|Any CPU
		Release|Any CPU = Release|Any CPU
	EndGlobalSection
	GlobalSection(ProjectConfigurationPlatforms) = postSolution
		{2783E27D-3EA8-4E1B-B2A3-0F6007842435}.Debug|Any CPU.ActiveCfg = Debug|Any CPU
		{2783E27D-3EA8-4E1B-B2A3-0F6007842435}.Debug|Any CPU.Build.0 = Debug|Any CPU
		{2783E27D-3EA8-4E1B-B2A3-0F6007842435}.Debug|Any CPU.Deploy.0 = Debug|Any CPU
		{2783E27D-3EA8-4E1B-B2A3-0F6007842435}.Release|Any CPU.ActiveCfg = Release|Any CPU
		{2783E27D-3EA8-4E1B-B2A3-0F6007842435}.Release|Any CPU.Build.0 = Release|Any CPU
		{2783E27D-3EA8-4E1B-B2A3-0F6007842435}.Release|Any CPU.Deploy.0 = Release|Any CPU
		{C271359A-3C4C-4FAA-9410-BAACA3FE0BCF}.Debug|Any CPU.ActiveCfg = Debug|Any CPU
		{C271359A-3C4C-4FAA-9410-BAACA3FE0BCF}.Debug|Any CPU.Build.0 = Debug|Any CPU
		{C271359A-3C4C-4FAA-9410-BAACA3FE0BCF}.Release|Any CPU.ActiveCfg = Release|Any CPU
		{C271359A-3C4C-4FAA-9410-BAACA3FE0BCF}.Release|Any CPU.Build.0 = Release|Any CPU
		{9C2014F7-5DB2-477A-8151-F05CCF804DA1}.Debug|Any CPU.ActiveCfg = Debug|Any CPU
		{9C2014F7-5DB2-477A-8151-F05CCF804DA1}.Debug|Any CPU.Build.0 = Debug|Any CPU
		{9C2014F7-5DB2-477A-8151-F05CCF804DA1}.Release|Any CPU.ActiveCfg = Release|Any CPU
		{9C2014F7-5DB2-477A-8151-F05CCF804DA1}.Release|Any CPU.Build.0 = Release|Any CPU
		{9CCDB425-37DD-4C9C-A186-14EC07436604}.Debug|Any CPU.ActiveCfg = Debug|Any CPU
		{9CCDB425-37DD-4C9C-A186-14EC07436604}.Debug|Any CPU.Build.0 = Debug|Any CPU
		{9CCDB425-37DD-4C9C-A186-14EC07436604}.Release|Any CPU.ActiveCfg = Release|Any CPU
		{9CCDB425-37DD-4C9C-A186-14EC07436604}.Release|Any CPU.Build.0 = Release|Any CPU
		{3E6EEB29-F6FB-4344-AE8B-18E676DF9E93}.Debug|Any CPU.ActiveCfg = Debug|Any CPU
		{3E6EEB29-F6FB-4344-AE8B-18E676DF9E93}.Debug|Any CPU.Build.0 = Debug|Any CPU
		{3E6EEB29-F6FB-4344-AE8B-18E676DF9E93}.Release|Any CPU.ActiveCfg = Release|Any CPU
		{3E6EEB29-F6FB-4344-AE8B-18E676DF9E93}.Release|Any CPU.Build.0 = Release|Any CPU
		{D9847B17-26C4-4D69-9EC7-F0660495FCE8}.Debug|Any CPU.ActiveCfg = Debug|Any CPU
		{D9847B17-26C4-4D69-9EC7-F0660495FCE8}.Debug|Any CPU.Build.0 = Debug|Any CPU
		{D9847B17-26C4-4D69-9EC7-F0660495FCE8}.Release|Any CPU.ActiveCfg = Release|Any CPU
		{D9847B17-26C4-4D69-9EC7-F0660495FCE8}.Release|Any CPU.Build.0 = Release|Any CPU
		{2E8F3238-C149-4371-809F-B708BC46D70D}.Debug|Any CPU.ActiveCfg = Debug|Any CPU
		{2E8F3238-C149-4371-809F-B708BC46D70D}.Debug|Any CPU.Build.0 = Debug|Any CPU
		{2E8F3238-C149-4371-809F-B708BC46D70D}.Release|Any CPU.ActiveCfg = Release|Any CPU
		{2E8F3238-C149-4371-809F-B708BC46D70D}.Release|Any CPU.Build.0 = Release|Any CPU
		{45A930CD-CB35-4D34-AEA3-BEF47B7D2003}.Debug|Any CPU.ActiveCfg = Debug|Any CPU
		{45A930CD-CB35-4D34-AEA3-BEF47B7D2003}.Debug|Any CPU.Build.0 = Debug|Any CPU
		{45A930CD-CB35-4D34-AEA3-BEF47B7D2003}.Release|Any CPU.ActiveCfg = Release|Any CPU
		{45A930CD-CB35-4D34-AEA3-BEF47B7D2003}.Release|Any CPU.Build.0 = Release|Any CPU
		{64DAEE9C-872B-4260-9799-D10F3B54D049}.Debug|Any CPU.ActiveCfg = Debug|Any CPU
		{64DAEE9C-872B-4260-9799-D10F3B54D049}.Debug|Any CPU.Build.0 = Debug|Any CPU
		{64DAEE9C-872B-4260-9799-D10F3B54D049}.Release|Any CPU.ActiveCfg = Release|Any CPU
		{64DAEE9C-872B-4260-9799-D10F3B54D049}.Release|Any CPU.Build.0 = Release|Any CPU
		{F7AB8019-3AFD-4926-B454-92C8F10720D1}.Debug|Any CPU.ActiveCfg = Debug|Any CPU
		{F7AB8019-3AFD-4926-B454-92C8F10720D1}.Debug|Any CPU.Build.0 = Debug|Any CPU
		{F7AB8019-3AFD-4926-B454-92C8F10720D1}.Release|Any CPU.ActiveCfg = Release|Any CPU
		{F7AB8019-3AFD-4926-B454-92C8F10720D1}.Release|Any CPU.Build.0 = Release|Any CPU
	EndGlobalSection
	GlobalSection(SolutionProperties) = preSolution
		HideSolutionNode = FALSE
	EndGlobalSection
	GlobalSection(NestedProjects) = preSolution
		{C271359A-3C4C-4FAA-9410-BAACA3FE0BCF} = {88F218D9-A6B5-477F-8DF4-E266DBB139A1}
		{9C2014F7-5DB2-477A-8151-F05CCF804DA1} = {88F218D9-A6B5-477F-8DF4-E266DBB139A1}
		{9CCDB425-37DD-4C9C-A186-14EC07436604} = {13B9E0AC-B8DD-4CB1-8393-E046FA292488}
		{3E6EEB29-F6FB-4344-AE8B-18E676DF9E93} = {C96D7BE7-F692-46A0-BD19-C2A6F42A9C13}
		{D9847B17-26C4-4D69-9EC7-F0660495FCE8} = {0A347AA3-5579-46C0-B9F4-083B286FFFE0}
		{2E8F3238-C149-4371-809F-B708BC46D70D} = {C96D7BE7-F692-46A0-BD19-C2A6F42A9C13}
		{5784657F-0ACE-41A5-AFCF-24A374960BAB} = {EE6CFD22-19C6-4243-B47F-84995C4D75AA}
		{5CE59D70-76B1-4B10-9F4A-D43A64F26BF5} = {EE6CFD22-19C6-4243-B47F-84995C4D75AA}
		{64DAEE9C-872B-4260-9799-D10F3B54D049} = {C96D7BE7-F692-46A0-BD19-C2A6F42A9C13}
		{F7AB8019-3AFD-4926-B454-92C8F10720D1} = {13B9E0AC-B8DD-4CB1-8393-E046FA292488}
	EndGlobalSection
	GlobalSection(ExtensibilityGlobals) = postSolution
		SolutionGuid = {E39B596F-B26D-4C17-9080-E961512C9FA6}
	EndGlobalSection
EndGlobal
