
Microsoft Visual Studio Solution File, Format Version 12.00
# Visual Studio Version 17
VisualStudioVersion = 17.11.35327.3
MinimumVisualStudioVersion = 10.0.40219.1
Project("{FAE04EC0-301F-11D3-BF4B-00C04F79EFBC}") = "OptimizerTestTool", "Tools\OptimizerTestTool\OptimizerTestTool.csproj", "{2783E27D-3EA8-4E1B-B2A3-0F6007842435}"
	ProjectSection(ProjectDependencies) = postProject
		{0710985A-EA4C-4BC3-AE92-1BB38B2BB323} = {0710985A-EA4C-4BC3-AE92-1BB38B2BB323}
		{2E8F3238-C149-4371-809F-B708BC46D70D} = {2E8F3238-C149-4371-809F-B708BC46D70D}
		{F7AB8019-3AFD-4926-B454-92C8F10720D1} = {F7AB8019-3AFD-4926-B454-92C8F10720D1}
	EndProjectSection
EndProject
Project("{FAE04EC0-301F-11D3-BF4B-00C04F79EFBC}") = "SferaHandlers", "Shared\SferaHandlers\SferaHandlers.csproj", "{9CCDB425-37DD-4C9C-A186-14EC07436604}"
EndProject
Project("{2150E333-8FDC-42A3-9474-1A3956D46DE8}") = "Solution Items", "Solution Items", "{DA797E57-592A-4CCF-8177-E32888F9A9FD}"
	ProjectSection(SolutionItems) = preProject
		.editorconfig = .editorconfig
	EndProjectSection
EndProject
Project("{FAE04EC0-301F-11D3-BF4B-00C04F79EFBC}") = "TrainCharacteristicsManager", "TCM\TrainCharacteristicsManager\TrainCharacteristicsManager.csproj", "{3E6EEB29-F6FB-4344-AE8B-18E676DF9E93}"
EndProject
Project("{2150E333-8FDC-42A3-9474-1A3956D46DE8}") = "Testing", "Testing", "{0A347AA3-5579-46C0-B9F4-083B286FFFE0}"
EndProject
Project("{FAE04EC0-301F-11D3-BF4B-00C04F79EFBC}") = "TrainCharacteristicsService", "TCM\TrainCharacteristicsService\TrainCharacteristicsService.csproj", "{2E8F3238-C149-4371-809F-B708BC46D70D}"
EndProject
Project("{2150E333-8FDC-42A3-9474-1A3956D46DE8}") = "TCM", "TCM", "{C96D7BE7-F692-46A0-BD19-C2A6F42A9C13}"
EndProject
Project("{2150E333-8FDC-42A3-9474-1A3956D46DE8}") = "SpeedAlgorithm", "SpeedAlgorithm", "{88F218D9-A6B5-477F-8DF4-E266DBB139A1}"
EndProject
Project("{2150E333-8FDC-42A3-9474-1A3956D46DE8}") = "Integrations", "Integrations", "{4EF4B30F-A516-42FD-BA5D-824734E01927}"
EndProject
Project("{FAE04EC0-301F-11D3-BF4B-00C04F79EFBC}") = "OSMRouting", "OSMRouting\OSMRouting.csproj", "{872D037B-0F1D-4EB6-9188-695306184B43}"
EndProject
Project("{FAE04EC0-301F-11D3-BF4B-00C04F79EFBC}") = "GTFS.TestProject", "GTFS.TestProject\GTFS.TestProject.csproj", "{F5FFF98F-CE5B-44A4-9E87-7E3A43DC3D4F}"
EndProject
Project("{FAE04EC0-301F-11D3-BF4B-00C04F79EFBC}") = "Shared.Models", "Shared.Models\Shared.Models.csproj", "{45A930CD-CB35-4D34-AEA3-BEF47B7D2003}"
EndProject
Project("{FAE04EC0-301F-11D3-BF4B-00C04F79EFBC}") = "TrainCharacteristicsManager.Models", "TCM\TrainCharacteristics.Models\TrainCharacteristicsManager.Models.csproj", "{64DAEE9C-872B-4260-9799-D10F3B54D049}"
EndProject
Project("{2150E333-8FDC-42A3-9474-1A3956D46DE8}") = "SFERA", "SFERA", "{13B9E0AC-B8DD-4CB1-8393-E046FA292488}"
EndProject
Project("{FAE04EC0-301F-11D3-BF4B-00C04F79EFBC}") = "Sfera.Models", "Sfera.Models\Sfera.Models.csproj", "{F7AB8019-3AFD-4926-B454-92C8F10720D1}"
EndProject
Project("{2150E333-8FDC-42A3-9474-1A3956D46DE8}") = "Shared", "Shared", "{9658CE7B-AAEF-41DF-A40E-EE2A49ACA4F5}"
EndProject
Project("{FAE04EC0-301F-11D3-BF4B-00C04F79EFBC}") = "Resources", "Resources\Resources.csproj", "{D198B1C1-A000-4F62-963D-ABB82514CCA2}"
EndProject
Project("{FAE04EC0-301F-11D3-BF4B-00C04F79EFBC}") = "SpeedAlgorithm", "SpeedAlgorithm\SpeedAlgorithm\SpeedAlgorithm.csproj", "{7BBB74A1-A256-4FA7-8109-7DD6B0CBF4E4}"
EndProject
Project("{FAE04EC0-301F-11D3-BF4B-00C04F79EFBC}") = "SpeedAlgorithm.Models", "SpeedAlgorithm\SpeedAlgorithm.Models\SpeedAlgorithm.Models.csproj", "{1B5B75A4-B9BE-409F-AD8B-4D1D0304BE21}"
EndProject
Project("{FAE04EC0-301F-11D3-BF4B-00C04F79EFBC}") = "SpeedAlgorithm.Preprocessing", "SpeedAlgorithm\SpeedAlgorithm.Preprocessing\SpeedAlgorithm.Preprocessing.csproj", "{0710985A-EA4C-4BC3-AE92-1BB38B2BB323}"
EndProject
Project("{FAE04EC0-301F-11D3-BF4B-00C04F79EFBC}") = "SpeedAlgorithm.Tests", "Testing\SpeedAlgorithm.Tests\SpeedAlgorithm.Tests.csproj", "{291EA4FD-7A16-45C1-BBD3-62A6E1A02AC4}"
EndProject
Project("{FAE04EC0-301F-11D3-BF4B-00C04F79EFBC}") = "Performance.Benchmarking", "Performance.Benchmarking\Performance.Benchmarking.csproj", "{67C59C6A-B617-495C-AB33-E0A0B94BBAFD}"
EndProject
Global
	GlobalSection(SolutionConfigurationPlatforms) = preSolution
		Debug|Any CPU = Debug|Any CPU
		Release|Any CPU = Release|Any CPU
	EndGlobalSection
	GlobalSection(ProjectConfigurationPlatforms) = postSolution
		{2783E27D-3EA8-4E1B-B2A3-0F6007842435}.Debug|Any CPU.ActiveCfg = Debug|Any CPU
		{2783E27D-3EA8-4E1B-B2A3-0F6007842435}.Debug|Any CPU.Build.0 = Debug|Any CPU
		{2783E27D-3EA8-4E1B-B2A3-0F6007842435}.Debug|Any CPU.Deploy.0 = Debug|Any CPU
		{2783E27D-3EA8-4E1B-B2A3-0F6007842435}.Release|Any CPU.ActiveCfg = Release|Any CPU
		{2783E27D-3EA8-4E1B-B2A3-0F6007842435}.Release|Any CPU.Build.0 = Release|Any CPU
		{2783E27D-3EA8-4E1B-B2A3-0F6007842435}.Release|Any CPU.Deploy.0 = Release|Any CPU
		{9CCDB425-37DD-4C9C-A186-14EC07436604}.Debug|Any CPU.ActiveCfg = Debug|Any CPU
		{9CCDB425-37DD-4C9C-A186-14EC07436604}.Debug|Any CPU.Build.0 = Debug|Any CPU
		{9CCDB425-37DD-4C9C-A186-14EC07436604}.Release|Any CPU.ActiveCfg = Release|Any CPU
		{9CCDB425-37DD-4C9C-A186-14EC07436604}.Release|Any CPU.Build.0 = Release|Any CPU
		{3E6EEB29-F6FB-4344-AE8B-18E676DF9E93}.Debug|Any CPU.ActiveCfg = Debug|Any CPU
		{3E6EEB29-F6FB-4344-AE8B-18E676DF9E93}.Debug|Any CPU.Build.0 = Debug|Any CPU
		{3E6EEB29-F6FB-4344-AE8B-18E676DF9E93}.Release|Any CPU.ActiveCfg = Release|Any CPU
		{3E6EEB29-F6FB-4344-AE8B-18E676DF9E93}.Release|Any CPU.Build.0 = Release|Any CPU
		{2E8F3238-C149-4371-809F-B708BC46D70D}.Debug|Any CPU.ActiveCfg = Debug|Any CPU
		{2E8F3238-C149-4371-809F-B708BC46D70D}.Debug|Any CPU.Build.0 = Debug|Any CPU
		{2E8F3238-C149-4371-809F-B708BC46D70D}.Release|Any CPU.ActiveCfg = Release|Any CPU
		{2E8F3238-C149-4371-809F-B708BC46D70D}.Release|Any CPU.Build.0 = Release|Any CPU
		{872D037B-0F1D-4EB6-9188-695306184B43}.Debug|Any CPU.ActiveCfg = Debug|Any CPU
		{872D037B-0F1D-4EB6-9188-695306184B43}.Debug|Any CPU.Build.0 = Debug|Any CPU
		{872D037B-0F1D-4EB6-9188-695306184B43}.Release|Any CPU.ActiveCfg = Release|Any CPU
		{872D037B-0F1D-4EB6-9188-695306184B43}.Release|Any CPU.Build.0 = Release|Any CPU
		{F5FFF98F-CE5B-44A4-9E87-7E3A43DC3D4F}.Debug|Any CPU.ActiveCfg = Debug|Any CPU
		{F5FFF98F-CE5B-44A4-9E87-7E3A43DC3D4F}.Debug|Any CPU.Build.0 = Debug|Any CPU
		{F5FFF98F-CE5B-44A4-9E87-7E3A43DC3D4F}.Release|Any CPU.ActiveCfg = Release|Any CPU
		{F5FFF98F-CE5B-44A4-9E87-7E3A43DC3D4F}.Release|Any CPU.Build.0 = Release|Any CPU
		{45A930CD-CB35-4D34-AEA3-BEF47B7D2003}.Debug|Any CPU.ActiveCfg = Debug|Any CPU
		{45A930CD-CB35-4D34-AEA3-BEF47B7D2003}.Debug|Any CPU.Build.0 = Debug|Any CPU
		{45A930CD-CB35-4D34-AEA3-BEF47B7D2003}.Release|Any CPU.ActiveCfg = Release|Any CPU
		{45A930CD-CB35-4D34-AEA3-BEF47B7D2003}.Release|Any CPU.Build.0 = Release|Any CPU
		{64DAEE9C-872B-4260-9799-D10F3B54D049}.Debug|Any CPU.ActiveCfg = Debug|Any CPU
		{64DAEE9C-872B-4260-9799-D10F3B54D049}.Debug|Any CPU.Build.0 = Debug|Any CPU
		{64DAEE9C-872B-4260-9799-D10F3B54D049}.Release|Any CPU.ActiveCfg = Release|Any CPU
		{64DAEE9C-872B-4260-9799-D10F3B54D049}.Release|Any CPU.Build.0 = Release|Any CPU
		{F7AB8019-3AFD-4926-B454-92C8F10720D1}.Debug|Any CPU.ActiveCfg = Debug|Any CPU
		{F7AB8019-3AFD-4926-B454-92C8F10720D1}.Debug|Any CPU.Build.0 = Debug|Any CPU
		{F7AB8019-3AFD-4926-B454-92C8F10720D1}.Release|Any CPU.ActiveCfg = Release|Any CPU
		{F7AB8019-3AFD-4926-B454-92C8F10720D1}.Release|Any CPU.Build.0 = Release|Any CPU
		{D198B1C1-A000-4F62-963D-ABB82514CCA2}.Debug|Any CPU.ActiveCfg = Debug|Any CPU
		{D198B1C1-A000-4F62-963D-ABB82514CCA2}.Debug|Any CPU.Build.0 = Debug|Any CPU
		{D198B1C1-A000-4F62-963D-ABB82514CCA2}.Release|Any CPU.ActiveCfg = Release|Any CPU
		{D198B1C1-A000-4F62-963D-ABB82514CCA2}.Release|Any CPU.Build.0 = Release|Any CPU
		{7BBB74A1-A256-4FA7-8109-7DD6B0CBF4E4}.Debug|Any CPU.ActiveCfg = Debug|Any CPU
		{7BBB74A1-A256-4FA7-8109-7DD6B0CBF4E4}.Debug|Any CPU.Build.0 = Debug|Any CPU
		{7BBB74A1-A256-4FA7-8109-7DD6B0CBF4E4}.Release|Any CPU.ActiveCfg = Release|Any CPU
		{7BBB74A1-A256-4FA7-8109-7DD6B0CBF4E4}.Release|Any CPU.Build.0 = Release|Any CPU
		{1B5B75A4-B9BE-409F-AD8B-4D1D0304BE21}.Debug|Any CPU.ActiveCfg = Debug|Any CPU
		{1B5B75A4-B9BE-409F-AD8B-4D1D0304BE21}.Debug|Any CPU.Build.0 = Debug|Any CPU
		{1B5B75A4-B9BE-409F-AD8B-4D1D0304BE21}.Release|Any CPU.ActiveCfg = Release|Any CPU
		{1B5B75A4-B9BE-409F-AD8B-4D1D0304BE21}.Release|Any CPU.Build.0 = Release|Any CPU
		{0710985A-EA4C-4BC3-AE92-1BB38B2BB323}.Debug|Any CPU.ActiveCfg = Debug|Any CPU
		{0710985A-EA4C-4BC3-AE92-1BB38B2BB323}.Debug|Any CPU.Build.0 = Debug|Any CPU
		{0710985A-EA4C-4BC3-AE92-1BB38B2BB323}.Release|Any CPU.ActiveCfg = Release|Any CPU
		{0710985A-EA4C-4BC3-AE92-1BB38B2BB323}.Release|Any CPU.Build.0 = Release|Any CPU
		{291EA4FD-7A16-45C1-BBD3-62A6E1A02AC4}.Debug|Any CPU.ActiveCfg = Debug|Any CPU
		{291EA4FD-7A16-45C1-BBD3-62A6E1A02AC4}.Debug|Any CPU.Build.0 = Debug|Any CPU
		{291EA4FD-7A16-45C1-BBD3-62A6E1A02AC4}.Release|Any CPU.ActiveCfg = Release|Any CPU
		{291EA4FD-7A16-45C1-BBD3-62A6E1A02AC4}.Release|Any CPU.Build.0 = Release|Any CPU
		{67C59C6A-B617-495C-AB33-E0A0B94BBAFD}.Debug|Any CPU.ActiveCfg = Debug|Any CPU
		{67C59C6A-B617-495C-AB33-E0A0B94BBAFD}.Debug|Any CPU.Build.0 = Debug|Any CPU
		{67C59C6A-B617-495C-AB33-E0A0B94BBAFD}.Release|Any CPU.ActiveCfg = Release|Any CPU
		{67C59C6A-B617-495C-AB33-E0A0B94BBAFD}.Release|Any CPU.Build.0 = Release|Any CPU
	EndGlobalSection
	GlobalSection(SolutionProperties) = preSolution
		HideSolutionNode = FALSE
	EndGlobalSection
	GlobalSection(NestedProjects) = preSolution
		{9CCDB425-37DD-4C9C-A186-14EC07436604} = {13B9E0AC-B8DD-4CB1-8393-E046FA292488}
		{3E6EEB29-F6FB-4344-AE8B-18E676DF9E93} = {C96D7BE7-F692-46A0-BD19-C2A6F42A9C13}
		{2E8F3238-C149-4371-809F-B708BC46D70D} = {C96D7BE7-F692-46A0-BD19-C2A6F42A9C13}
		{872D037B-0F1D-4EB6-9188-695306184B43} = {4EF4B30F-A516-42FD-BA5D-824734E01927}
		{F5FFF98F-CE5B-44A4-9E87-7E3A43DC3D4F} = {4EF4B30F-A516-42FD-BA5D-824734E01927}
		{45A930CD-CB35-4D34-AEA3-BEF47B7D2003} = {9658CE7B-AAEF-41DF-A40E-EE2A49ACA4F5}
		{64DAEE9C-872B-4260-9799-D10F3B54D049} = {C96D7BE7-F692-46A0-BD19-C2A6F42A9C13}
		{F7AB8019-3AFD-4926-B454-92C8F10720D1} = {13B9E0AC-B8DD-4CB1-8393-E046FA292488}
		{7BBB74A1-A256-4FA7-8109-7DD6B0CBF4E4} = {88F218D9-A6B5-477F-8DF4-E266DBB139A1}
		{1B5B75A4-B9BE-409F-AD8B-4D1D0304BE21} = {88F218D9-A6B5-477F-8DF4-E266DBB139A1}
		{0710985A-EA4C-4BC3-AE92-1BB38B2BB323} = {88F218D9-A6B5-477F-8DF4-E266DBB139A1}
		{291EA4FD-7A16-45C1-BBD3-62A6E1A02AC4} = {0A347AA3-5579-46C0-B9F4-083B286FFFE0}
		{67C59C6A-B617-495C-AB33-E0A0B94BBAFD} = {0A347AA3-5579-46C0-B9F4-083B286FFFE0}
	EndGlobalSection
	GlobalSection(ExtensibilityGlobals) = postSolution
		SolutionGuid = {E39B596F-B26D-4C17-9080-E961512C9FA6}
	EndGlobalSection
EndGlobal
